
Microsoft Visual Studio Solution File, Format Version 12.00
# Visual Studio Version 17
VisualStudioVersion = 17.3.32929.385
MinimumVisualStudioVersion = 10.0.40219.1
Project("{FAE04EC0-301F-11D3-BF4B-00C04F79EFBC}") = "FileTextInfo", "FileTextInfo.csproj", "{20108325-686A-4ACE-B6B8-E973BF59DDCD}"
EndProject
Global
	GlobalSection(SolutionConfigurationPlatforms) = preSolution
		Debug|Any CPU = Debug|Any CPU
		Release|Any CPU = Release|Any CPU
	EndGlobalSection
	GlobalSection(ProjectConfigurationPlatforms) = postSolution
		{20108325-686A-4ACE-B6B8-E973BF59DDCD}.Debug|Any CPU.ActiveCfg = Debug|Any CPU
		{20108325-686A-4ACE-B6B8-E973BF59DDCD}.Debug|Any CPU.Build.0 = Debug|Any CPU
		{20108325-686A-4ACE-B6B8-E973BF59DDCD}.Release|Any CPU.ActiveCfg = Release|Any CPU
		{20108325-686A-4ACE-B6B8-E973BF59DDCD}.Release|Any CPU.Build.0 = Release|Any CPU
	EndGlobalSection
	GlobalSection(SolutionProperties) = preSolution
		HideSolutionNode = FALSE
	EndGlobalSection
	GlobalSection(ExtensibilityGlobals) = postSolution
		SolutionGuid = {66C7CECB-CE99-4794-9787-7137253355C4}
	EndGlobalSection
EndGlobal
