
Microsoft Visual Studio Solution File, Format Version 12.00
# Visual Studio Version 17
VisualStudioVersion = 17.3.32929.385
MinimumVisualStudioVersion = 10.0.40219.1
Project("{FAE04EC0-301F-11D3-BF4B-00C04F79EFBC}") = "SampleCalculator", "SampleCalculator.csproj", "{AA8C571F-441E-4C18-8946-54DAA881FC24}"
EndProject
Global
	GlobalSection(SolutionConfigurationPlatforms) = preSolution
		Debug|Any CPU = Debug|Any CPU
		Release|Any CPU = Release|Any CPU
	EndGlobalSection
	GlobalSection(ProjectConfigurationPlatforms) = postSolution
		{AA8C571F-441E-4C18-8946-54DAA881FC24}.Debug|Any CPU.ActiveCfg = Debug|Any CPU
		{AA8C571F-441E-4C18-8946-54DAA881FC24}.Debug|Any CPU.Build.0 = Debug|Any CPU
		{AA8C571F-441E-4C18-8946-54DAA881FC24}.Release|Any CPU.ActiveCfg = Release|Any CPU
		{AA8C571F-441E-4C18-8946-54DAA881FC24}.Release|Any CPU.Build.0 = Release|Any CPU
	EndGlobalSection
	GlobalSection(SolutionProperties) = preSolution
		HideSolutionNode = FALSE
	EndGlobalSection
	GlobalSection(ExtensibilityGlobals) = postSolution
		SolutionGuid = {78F63E98-CE74-456F-B09E-B4F72F358824}
	EndGlobalSection
EndGlobal
